
Microsoft Visual Studio Solution File, Format Version 12.00
# Visual Studio Version 17
VisualStudioVersion = 17.0.31903.59
MinimumVisualStudioVersion = 10.0.40219.1
Project("{2150E333-8FDC-42A3-9474-1A3956D46DE8}") = "src", "src", "{827E0CD3-B72D-47B6-A68D-7590B98EB39B}"
EndProject
Project("{2150E333-8FDC-42A3-9474-1A3956D46DE8}") = "Services", "Services", "{984BB9B3-3FA3-BE33-9484-CAC21695A33C}"
EndProject
Project("{2150E333-8FDC-42A3-9474-1A3956D46DE8}") = "NotificationService", "NotificationService", "{47931FAB-DBE1-FD8F-0AFF-2CD4B99C52C4}"
EndProject
Project("{FAE04EC0-301F-11D3-BF4B-00C04F79EFBC}") = "NotificationService.Infrastructure", "src\Services\NotificationService\NotificationService.Infrastructure\NotificationService.Infrastructure.csproj", "{D0604F35-AE03-4580-9932-8ED555A65745}"
EndProject
Project("{FAE04EC0-301F-11D3-BF4B-00C04F79EFBC}") = "NotificationService.Domain", "src\Services\NotificationService\NotificationService.Domain\NotificationService.Domain.csproj", "{3B26B86D-E766-4B60-AA17-E495B07E15D6}"
EndProject
Project("{FAE04EC0-301F-11D3-BF4B-00C04F79EFBC}") = "NotificationService.API", "src\Services\NotificationService\NotificationService.API\NotificationService.API.csproj", "{6084EBCF-E6B7-4A9A-9D48-7724757B1184}"
EndProject
Project("{2150E333-8FDC-42A3-9474-1A3956D46DE8}") = "GoalService", "GoalService", "{C745250B-6D8E-8FFC-4A72-6AD6A202EA7C}"
EndProject
Project("{FAE04EC0-301F-11D3-BF4B-00C04F79EFBC}") = "GoalService.API", "src\Services\GoalService\GoalService.API\GoalService.API.csproj", "{34CB91BF-F4BF-4F0F-8463-C7764BF52CF7}"
EndProject
Project("{FAE04EC0-301F-11D3-BF4B-00C04F79EFBC}") = "GoalService.Domain", "src\Services\GoalService\GoalService.Domain\GoalService.Domain.csproj", "{D78DCE8E-AF86-479B-820E-84AE8E966812}"
EndProject
Project("{FAE04EC0-301F-11D3-BF4B-00C04F79EFBC}") = "GoalService.Infrastructure", "src\Services\GoalService\GoalService.Infrastructure\GoalService.Infrastructure.csproj", "{496C9B65-13CC-4E2A-9D31-B703E02FDDB4}"
EndProject
Project("{2150E333-8FDC-42A3-9474-1A3956D46DE8}") = "AccountService", "AccountService", "{7B912DB9-331B-0944-5302-1EBCC0404D36}"
EndProject
Project("{FAE04EC0-301F-11D3-BF4B-00C04F79EFBC}") = "AccountService.Domain", "src\Services\AccountService\AccountService.Domain\AccountService.Domain.csproj", "{966C7FC7-19A4-45C8-A1A4-A7844E4DAA3A}"
EndProject
Project("{FAE04EC0-301F-11D3-BF4B-00C04F79EFBC}") = "AccountService.API", "src\Services\AccountService\AccountService.API\AccountService.API.csproj", "{C1D72088-858D-438F-A7D0-AE071BE04A54}"
EndProject
Project("{FAE04EC0-301F-11D3-BF4B-00C04F79EFBC}") = "AccountService.Infrastructure", "src\Services\AccountService\AccountService.Infrastructure\AccountService.Infrastructure.csproj", "{3667ECA8-9DBA-4D31-8172-A94EC682E625}"
EndProject
Project("{2150E333-8FDC-42A3-9474-1A3956D46DE8}") = "TransactionService", "TransactionService", "{4FD79C85-B390-988C-6EB0-CF61DD94049A}"
EndProject
Project("{FAE04EC0-301F-11D3-BF4B-00C04F79EFBC}") = "TransactionService.API", "src\Services\TransactionService\TransactionService.API\TransactionService.API.csproj", "{4994F1AC-E86A-48E7-B471-8595AD171121}"
EndProject
Project("{FAE04EC0-301F-11D3-BF4B-00C04F79EFBC}") = "TransactionService.Infrastructure", "src\Services\TransactionService\TransactionService.Infrastructure\TransactionService.Infrastructure.csproj", "{32E17AB5-C77F-46A3-93E1-B1BF8203F872}"
EndProject
Project("{FAE04EC0-301F-11D3-BF4B-00C04F79EFBC}") = "TransactionService.Domain", "src\Services\TransactionService\TransactionService.Domain\TransactionService.Domain.csproj", "{453660D4-21CC-4461-9E16-A52885E6F06A}"
EndProject
Project("{2150E333-8FDC-42A3-9474-1A3956D46DE8}") = "ReportService", "ReportService", "{7CCDAF3D-828D-37A7-E1F8-C7CA0A1DC278}"
EndProject
Project("{FAE04EC0-301F-11D3-BF4B-00C04F79EFBC}") = "ReportService.Domain", "src\Services\ReportService\ReportService.Domain\ReportService.Domain.csproj", "{6D24A183-10E6-4FE3-BDBD-4F08A3F7B8EF}"
EndProject
Project("{FAE04EC0-301F-11D3-BF4B-00C04F79EFBC}") = "ReportService.Infrastructure", "src\Services\ReportService\ReportService.Infrastructure\ReportService.Infrastructure.csproj", "{271E3DE3-1041-4904-A044-894F930CC8BE}"
EndProject
Project("{FAE04EC0-301F-11D3-BF4B-00C04F79EFBC}") = "ReportService.API", "src\Services\ReportService\ReportService.API\ReportService.API.csproj", "{3993B01F-E443-4B4A-8F9D-83A1CC9BEC64}"
EndProject
Project("{2150E333-8FDC-42A3-9474-1A3956D46DE8}") = "Web", "Web", "{03997797-E7F5-0643-168D-B8EA7178C2FE}"
EndProject
Project("{FAE04EC0-301F-11D3-BF4B-00C04F79EFBC}") = "KidsApp", "src\Web\KidsApp\KidsApp.csproj", "{3F8AD4A6-65BE-46E1-AE01-E2CE89C1F81C}"
EndProject
Project("{FAE04EC0-301F-11D3-BF4B-00C04F79EFBC}") = "ParentApp", "src\Web\ParentApp\ParentApp.csproj", "{492A2A92-7FB2-4457-9330-3228B1DF8FF5}"
EndProject
Project("{2150E333-8FDC-42A3-9474-1A3956D46DE8}") = "ApiGateway", "ApiGateway", "{FCA01246-F2C6-0AA7-D43F-FD13BE0B9D88}"
EndProject
Project("{FAE04EC0-301F-11D3-BF4B-00C04F79EFBC}") = "ApiGateway", "src\ApiGateway\ApiGateway\ApiGateway.csproj", "{0E139BBE-4D93-4E01-815D-00E515A486FC}"
EndProject
Project("{2150E333-8FDC-42A3-9474-1A3956D46DE8}") = "Shared", "Shared", "{C8E42992-5E42-0C2B-DBFE-AA848D06431C}"
EndProject
Project("{2150E333-8FDC-42A3-9474-1A3956D46DE8}") = "EventBus", "EventBus", "{877A87EC-2096-CB6F-E033-8B9D52ACA648}"
EndProject
Project("{FAE04EC0-301F-11D3-BF4B-00C04F79EFBC}") = "KidsMoneyNote.Shared.EventBus", "src\Shared\EventBus\KidsMoneyNote.Shared.EventBus\KidsMoneyNote.Shared.EventBus.csproj", "{2358C5F7-D81D-424C-AB4D-65CF53A7005E}"
EndProject
Project("{2150E333-8FDC-42A3-9474-1A3956D46DE8}") = "Identity", "Identity", "{63663C15-CC0E-511E-0DDF-83B4140E465C}"
EndProject
Project("{FAE04EC0-301F-11D3-BF4B-00C04F79EFBC}") = "KidsMoneyNote.Shared.Identity", "src\Shared\Identity\KidsMoneyNote.Shared.Identity\KidsMoneyNote.Shared.Identity.csproj", "{42190BF0-47B4-4001-AA8B-01D489D58EE4}"
EndProject
Project("{2150E333-8FDC-42A3-9474-1A3956D46DE8}") = "UserService", "UserService", "{A52FF9A7-1006-A729-7F26-021652E10080}"
EndProject
Project("{FAE04EC0-301F-11D3-BF4B-00C04F79EFBC}") = "UserService.Domain", "src\Services\UserService\UserService.Domain\UserService.Domain.csproj", "{7B0ABC91-AC21-4A02-8326-E05F553AEB45}"
EndProject
Project("{FAE04EC0-301F-11D3-BF4B-00C04F79EFBC}") = "UserService.Infrastructure", "src\Services\UserService\UserService.Infrastructure\UserService.Infrastructure.csproj", "{A1B54748-5C8C-4D9A-ABD9-4BEAC22144AD}"
EndProject
Project("{FAE04EC0-301F-11D3-BF4B-00C04F79EFBC}") = "UserService.API", "src\Services\UserService\UserService.API\UserService.API.csproj", "{5BCED3B7-28B9-423F-8AB0-0721B71D1BB7}"
EndProject
Project("{2150E333-8FDC-42A3-9474-1A3956D46DE8}") = "CommonLibrary", "CommonLibrary", "{D4328BF3-DF96-F716-F87E-F6DD9344A066}"
EndProject
Project("{FAE04EC0-301F-11D3-BF4B-00C04F79EFBC}") = "KidsMoneyNote.Shared.CommonLibrary", "src\Shared\CommonLibrary\KidsMoneyNote.Shared.CommonLibrary\KidsMoneyNote.Shared.CommonLibrary.csproj", "{FA099A44-1EA6-4E53-8A48-0999D2F9FFB2}"
EndProject
Global
	GlobalSection(SolutionConfigurationPlatforms) = preSolution
		Debug|Any CPU = Debug|Any CPU
		Debug|x64 = Debug|x64
		Debug|x86 = Debug|x86
		Release|Any CPU = Release|Any CPU
		Release|x64 = Release|x64
		Release|x86 = Release|x86
	EndGlobalSection
	GlobalSection(ProjectConfigurationPlatforms) = postSolution
		{D0604F35-AE03-4580-9932-8ED555A65745}.Debug|Any CPU.ActiveCfg = Debug|Any CPU
		{D0604F35-AE03-4580-9932-8ED555A65745}.Debug|Any CPU.Build.0 = Debug|Any CPU
		{D0604F35-AE03-4580-9932-8ED555A65745}.Debug|x64.ActiveCfg = Debug|Any CPU
		{D0604F35-AE03-4580-9932-8ED555A65745}.Debug|x64.Build.0 = Debug|Any CPU
		{D0604F35-AE03-4580-9932-8ED555A65745}.Debug|x86.ActiveCfg = Debug|Any CPU
		{D0604F35-AE03-4580-9932-8ED555A65745}.Debug|x86.Build.0 = Debug|Any CPU
		{D0604F35-AE03-4580-9932-8ED555A65745}.Release|Any CPU.ActiveCfg = Release|Any CPU
		{D0604F35-AE03-4580-9932-8ED555A65745}.Release|Any CPU.Build.0 = Release|Any CPU
		{D0604F35-AE03-4580-9932-8ED555A65745}.Release|x64.ActiveCfg = Release|Any CPU
		{D0604F35-AE03-4580-9932-8ED555A65745}.Release|x64.Build.0 = Release|Any CPU
		{D0604F35-AE03-4580-9932-8ED555A65745}.Release|x86.ActiveCfg = Release|Any CPU
		{D0604F35-AE03-4580-9932-8ED555A65745}.Release|x86.Build.0 = Release|Any CPU
		{3B26B86D-E766-4B60-AA17-E495B07E15D6}.Debug|Any CPU.ActiveCfg = Debug|Any CPU
		{3B26B86D-E766-4B60-AA17-E495B07E15D6}.Debug|Any CPU.Build.0 = Debug|Any CPU
		{3B26B86D-E766-4B60-AA17-E495B07E15D6}.Debug|x64.ActiveCfg = Debug|Any CPU
		{3B26B86D-E766-4B60-AA17-E495B07E15D6}.Debug|x64.Build.0 = Debug|Any CPU
		{3B26B86D-E766-4B60-AA17-E495B07E15D6}.Debug|x86.ActiveCfg = Debug|Any CPU
		{3B26B86D-E766-4B60-AA17-E495B07E15D6}.Debug|x86.Build.0 = Debug|Any CPU
		{3B26B86D-E766-4B60-AA17-E495B07E15D6}.Release|Any CPU.ActiveCfg = Release|Any CPU
		{3B26B86D-E766-4B60-AA17-E495B07E15D6}.Release|Any CPU.Build.0 = Release|Any CPU
		{3B26B86D-E766-4B60-AA17-E495B07E15D6}.Release|x64.ActiveCfg = Release|Any CPU
		{3B26B86D-E766-4B60-AA17-E495B07E15D6}.Release|x64.Build.0 = Release|Any CPU
		{3B26B86D-E766-4B60-AA17-E495B07E15D6}.Release|x86.ActiveCfg = Release|Any CPU
		{3B26B86D-E766-4B60-AA17-E495B07E15D6}.Release|x86.Build.0 = Release|Any CPU
		{6084EBCF-E6B7-4A9A-9D48-7724757B1184}.Debug|Any CPU.ActiveCfg = Debug|Any CPU
		{6084EBCF-E6B7-4A9A-9D48-7724757B1184}.Debug|Any CPU.Build.0 = Debug|Any CPU
		{6084EBCF-E6B7-4A9A-9D48-7724757B1184}.Debug|x64.ActiveCfg = Debug|Any CPU
		{6084EBCF-E6B7-4A9A-9D48-7724757B1184}.Debug|x64.Build.0 = Debug|Any CPU
		{6084EBCF-E6B7-4A9A-9D48-7724757B1184}.Debug|x86.ActiveCfg = Debug|Any CPU
		{6084EBCF-E6B7-4A9A-9D48-7724757B1184}.Debug|x86.Build.0 = Debug|Any CPU
		{6084EBCF-E6B7-4A9A-9D48-7724757B1184}.Release|Any CPU.ActiveCfg = Release|Any CPU
		{6084EBCF-E6B7-4A9A-9D48-7724757B1184}.Release|Any CPU.Build.0 = Release|Any CPU
		{6084EBCF-E6B7-4A9A-9D48-7724757B1184}.Release|x64.ActiveCfg = Release|Any CPU
		{6084EBCF-E6B7-4A9A-9D48-7724757B1184}.Release|x64.Build.0 = Release|Any CPU
		{6084EBCF-E6B7-4A9A-9D48-7724757B1184}.Release|x86.ActiveCfg = Release|Any CPU
		{6084EBCF-E6B7-4A9A-9D48-7724757B1184}.Release|x86.Build.0 = Release|Any CPU
		{34CB91BF-F4BF-4F0F-8463-C7764BF52CF7}.Debug|Any CPU.ActiveCfg = Debug|Any CPU
		{34CB91BF-F4BF-4F0F-8463-C7764BF52CF7}.Debug|Any CPU.Build.0 = Debug|Any CPU
		{34CB91BF-F4BF-4F0F-8463-C7764BF52CF7}.Debug|x64.ActiveCfg = Debug|Any CPU
		{34CB91BF-F4BF-4F0F-8463-C7764BF52CF7}.Debug|x64.Build.0 = Debug|Any CPU
		{34CB91BF-F4BF-4F0F-8463-C7764BF52CF7}.Debug|x86.ActiveCfg = Debug|Any CPU
		{34CB91BF-F4BF-4F0F-8463-C7764BF52CF7}.Debug|x86.Build.0 = Debug|Any CPU
		{34CB91BF-F4BF-4F0F-8463-C7764BF52CF7}.Release|Any CPU.ActiveCfg = Release|Any CPU
		{34CB91BF-F4BF-4F0F-8463-C7764BF52CF7}.Release|Any CPU.Build.0 = Release|Any CPU
		{34CB91BF-F4BF-4F0F-8463-C7764BF52CF7}.Release|x64.ActiveCfg = Release|Any CPU
		{34CB91BF-F4BF-4F0F-8463-C7764BF52CF7}.Release|x64.Build.0 = Release|Any CPU
		{34CB91BF-F4BF-4F0F-8463-C7764BF52CF7}.Release|x86.ActiveCfg = Release|Any CPU
		{34CB91BF-F4BF-4F0F-8463-C7764BF52CF7}.Release|x86.Build.0 = Release|Any CPU
		{D78DCE8E-AF86-479B-820E-84AE8E966812}.Debug|Any CPU.ActiveCfg = Debug|Any CPU
		{D78DCE8E-AF86-479B-820E-84AE8E966812}.Debug|Any CPU.Build.0 = Debug|Any CPU
		{D78DCE8E-AF86-479B-820E-84AE8E966812}.Debug|x64.ActiveCfg = Debug|Any CPU
		{D78DCE8E-AF86-479B-820E-84AE8E966812}.Debug|x64.Build.0 = Debug|Any CPU
		{D78DCE8E-AF86-479B-820E-84AE8E966812}.Debug|x86.ActiveCfg = Debug|Any CPU
		{D78DCE8E-AF86-479B-820E-84AE8E966812}.Debug|x86.Build.0 = Debug|Any CPU
		{D78DCE8E-AF86-479B-820E-84AE8E966812}.Release|Any CPU.ActiveCfg = Release|Any CPU
		{D78DCE8E-AF86-479B-820E-84AE8E966812}.Release|Any CPU.Build.0 = Release|Any CPU
		{D78DCE8E-AF86-479B-820E-84AE8E966812}.Release|x64.ActiveCfg = Release|Any CPU
		{D78DCE8E-AF86-479B-820E-84AE8E966812}.Release|x64.Build.0 = Release|Any CPU
		{D78DCE8E-AF86-479B-820E-84AE8E966812}.Release|x86.ActiveCfg = Release|Any CPU
		{D78DCE8E-AF86-479B-820E-84AE8E966812}.Release|x86.Build.0 = Release|Any CPU
		{496C9B65-13CC-4E2A-9D31-B703E02FDDB4}.Debug|Any CPU.ActiveCfg = Debug|Any CPU
		{496C9B65-13CC-4E2A-9D31-B703E02FDDB4}.Debug|Any CPU.Build.0 = Debug|Any CPU
		{496C9B65-13CC-4E2A-9D31-B703E02FDDB4}.Debug|x64.ActiveCfg = Debug|Any CPU
		{496C9B65-13CC-4E2A-9D31-B703E02FDDB4}.Debug|x64.Build.0 = Debug|Any CPU
		{496C9B65-13CC-4E2A-9D31-B703E02FDDB4}.Debug|x86.ActiveCfg = Debug|Any CPU
		{496C9B65-13CC-4E2A-9D31-B703E02FDDB4}.Debug|x86.Build.0 = Debug|Any CPU
		{496C9B65-13CC-4E2A-9D31-B703E02FDDB4}.Release|Any CPU.ActiveCfg = Release|Any CPU
		{496C9B65-13CC-4E2A-9D31-B703E02FDDB4}.Release|Any CPU.Build.0 = Release|Any CPU
		{496C9B65-13CC-4E2A-9D31-B703E02FDDB4}.Release|x64.ActiveCfg = Release|Any CPU
		{496C9B65-13CC-4E2A-9D31-B703E02FDDB4}.Release|x64.Build.0 = Release|Any CPU
		{496C9B65-13CC-4E2A-9D31-B703E02FDDB4}.Release|x86.ActiveCfg = Release|Any CPU
		{496C9B65-13CC-4E2A-9D31-B703E02FDDB4}.Release|x86.Build.0 = Release|Any CPU
		{966C7FC7-19A4-45C8-A1A4-A7844E4DAA3A}.Debug|Any CPU.ActiveCfg = Debug|Any CPU
		{966C7FC7-19A4-45C8-A1A4-A7844E4DAA3A}.Debug|Any CPU.Build.0 = Debug|Any CPU
		{966C7FC7-19A4-45C8-A1A4-A7844E4DAA3A}.Debug|x64.ActiveCfg = Debug|Any CPU
		{966C7FC7-19A4-45C8-A1A4-A7844E4DAA3A}.Debug|x64.Build.0 = Debug|Any CPU
		{966C7FC7-19A4-45C8-A1A4-A7844E4DAA3A}.Debug|x86.ActiveCfg = Debug|Any CPU
		{966C7FC7-19A4-45C8-A1A4-A7844E4DAA3A}.Debug|x86.Build.0 = Debug|Any CPU
		{966C7FC7-19A4-45C8-A1A4-A7844E4DAA3A}.Release|Any CPU.ActiveCfg = Release|Any CPU
		{966C7FC7-19A4-45C8-A1A4-A7844E4DAA3A}.Release|Any CPU.Build.0 = Release|Any CPU
		{966C7FC7-19A4-45C8-A1A4-A7844E4DAA3A}.Release|x64.ActiveCfg = Release|Any CPU
		{966C7FC7-19A4-45C8-A1A4-A7844E4DAA3A}.Release|x64.Build.0 = Release|Any CPU
		{966C7FC7-19A4-45C8-A1A4-A7844E4DAA3A}.Release|x86.ActiveCfg = Release|Any CPU
		{966C7FC7-19A4-45C8-A1A4-A7844E4DAA3A}.Release|x86.Build.0 = Release|Any CPU
		{C1D72088-858D-438F-A7D0-AE071BE04A54}.Debug|Any CPU.ActiveCfg = Debug|Any CPU
		{C1D72088-858D-438F-A7D0-AE071BE04A54}.Debug|Any CPU.Build.0 = Debug|Any CPU
		{C1D72088-858D-438F-A7D0-AE071BE04A54}.Debug|x64.ActiveCfg = Debug|Any CPU
		{C1D72088-858D-438F-A7D0-AE071BE04A54}.Debug|x64.Build.0 = Debug|Any CPU
		{C1D72088-858D-438F-A7D0-AE071BE04A54}.Debug|x86.ActiveCfg = Debug|Any CPU
		{C1D72088-858D-438F-A7D0-AE071BE04A54}.Debug|x86.Build.0 = Debug|Any CPU
		{C1D72088-858D-438F-A7D0-AE071BE04A54}.Release|Any CPU.ActiveCfg = Release|Any CPU
		{C1D72088-858D-438F-A7D0-AE071BE04A54}.Release|Any CPU.Build.0 = Release|Any CPU
		{C1D72088-858D-438F-A7D0-AE071BE04A54}.Release|x64.ActiveCfg = Release|Any CPU
		{C1D72088-858D-438F-A7D0-AE071BE04A54}.Release|x64.Build.0 = Release|Any CPU
		{C1D72088-858D-438F-A7D0-AE071BE04A54}.Release|x86.ActiveCfg = Release|Any CPU
		{C1D72088-858D-438F-A7D0-AE071BE04A54}.Release|x86.Build.0 = Release|Any CPU
		{3667ECA8-9DBA-4D31-8172-A94EC682E625}.Debug|Any CPU.ActiveCfg = Debug|Any CPU
		{3667ECA8-9DBA-4D31-8172-A94EC682E625}.Debug|Any CPU.Build.0 = Debug|Any CPU
		{3667ECA8-9DBA-4D31-8172-A94EC682E625}.Debug|x64.ActiveCfg = Debug|Any CPU
		{3667ECA8-9DBA-4D31-8172-A94EC682E625}.Debug|x64.Build.0 = Debug|Any CPU
		{3667ECA8-9DBA-4D31-8172-A94EC682E625}.Debug|x86.ActiveCfg = Debug|Any CPU
		{3667ECA8-9DBA-4D31-8172-A94EC682E625}.Debug|x86.Build.0 = Debug|Any CPU
		{3667ECA8-9DBA-4D31-8172-A94EC682E625}.Release|Any CPU.ActiveCfg = Release|Any CPU
		{3667ECA8-9DBA-4D31-8172-A94EC682E625}.Release|Any CPU.Build.0 = Release|Any CPU
		{3667ECA8-9DBA-4D31-8172-A94EC682E625}.Release|x64.ActiveCfg = Release|Any CPU
		{3667ECA8-9DBA-4D31-8172-A94EC682E625}.Release|x64.Build.0 = Release|Any CPU
		{3667ECA8-9DBA-4D31-8172-A94EC682E625}.Release|x86.ActiveCfg = Release|Any CPU
		{3667ECA8-9DBA-4D31-8172-A94EC682E625}.Release|x86.Build.0 = Release|Any CPU
		{4994F1AC-E86A-48E7-B471-8595AD171121}.Debug|Any CPU.ActiveCfg = Debug|Any CPU
		{4994F1AC-E86A-48E7-B471-8595AD171121}.Debug|Any CPU.Build.0 = Debug|Any CPU
		{4994F1AC-E86A-48E7-B471-8595AD171121}.Debug|x64.ActiveCfg = Debug|Any CPU
		{4994F1AC-E86A-48E7-B471-8595AD171121}.Debug|x64.Build.0 = Debug|Any CPU
		{4994F1AC-E86A-48E7-B471-8595AD171121}.Debug|x86.ActiveCfg = Debug|Any CPU
		{4994F1AC-E86A-48E7-B471-8595AD171121}.Debug|x86.Build.0 = Debug|Any CPU
		{4994F1AC-E86A-48E7-B471-8595AD171121}.Release|Any CPU.ActiveCfg = Release|Any CPU
		{4994F1AC-E86A-48E7-B471-8595AD171121}.Release|Any CPU.Build.0 = Release|Any CPU
		{4994F1AC-E86A-48E7-B471-8595AD171121}.Release|x64.ActiveCfg = Release|Any CPU
		{4994F1AC-E86A-48E7-B471-8595AD171121}.Release|x64.Build.0 = Release|Any CPU
		{4994F1AC-E86A-48E7-B471-8595AD171121}.Release|x86.ActiveCfg = Release|Any CPU
		{4994F1AC-E86A-48E7-B471-8595AD171121}.Release|x86.Build.0 = Release|Any CPU
		{32E17AB5-C77F-46A3-93E1-B1BF8203F872}.Debug|Any CPU.ActiveCfg = Debug|Any CPU
		{32E17AB5-C77F-46A3-93E1-B1BF8203F872}.Debug|Any CPU.Build.0 = Debug|Any CPU
		{32E17AB5-C77F-46A3-93E1-B1BF8203F872}.Debug|x64.ActiveCfg = Debug|Any CPU
		{32E17AB5-C77F-46A3-93E1-B1BF8203F872}.Debug|x64.Build.0 = Debug|Any CPU
		{32E17AB5-C77F-46A3-93E1-B1BF8203F872}.Debug|x86.ActiveCfg = Debug|Any CPU
		{32E17AB5-C77F-46A3-93E1-B1BF8203F872}.Debug|x86.Build.0 = Debug|Any CPU
		{32E17AB5-C77F-46A3-93E1-B1BF8203F872}.Release|Any CPU.ActiveCfg = Release|Any CPU
		{32E17AB5-C77F-46A3-93E1-B1BF8203F872}.Release|Any CPU.Build.0 = Release|Any CPU
		{32E17AB5-C77F-46A3-93E1-B1BF8203F872}.Release|x64.ActiveCfg = Release|Any CPU
		{32E17AB5-C77F-46A3-93E1-B1BF8203F872}.Release|x64.Build.0 = Release|Any CPU
		{32E17AB5-C77F-46A3-93E1-B1BF8203F872}.Release|x86.ActiveCfg = Release|Any CPU
		{32E17AB5-C77F-46A3-93E1-B1BF8203F872}.Release|x86.Build.0 = Release|Any CPU
		{453660D4-21CC-4461-9E16-A52885E6F06A}.Debug|Any CPU.ActiveCfg = Debug|Any CPU
		{453660D4-21CC-4461-9E16-A52885E6F06A}.Debug|Any CPU.Build.0 = Debug|Any CPU
		{453660D4-21CC-4461-9E16-A52885E6F06A}.Debug|x64.ActiveCfg = Debug|Any CPU
		{453660D4-21CC-4461-9E16-A52885E6F06A}.Debug|x64.Build.0 = Debug|Any CPU
		{453660D4-21CC-4461-9E16-A52885E6F06A}.Debug|x86.ActiveCfg = Debug|Any CPU
		{453660D4-21CC-4461-9E16-A52885E6F06A}.Debug|x86.Build.0 = Debug|Any CPU
		{453660D4-21CC-4461-9E16-A52885E6F06A}.Release|Any CPU.ActiveCfg = Release|Any CPU
		{453660D4-21CC-4461-9E16-A52885E6F06A}.Release|Any CPU.Build.0 = Release|Any CPU
		{453660D4-21CC-4461-9E16-A52885E6F06A}.Release|x64.ActiveCfg = Release|Any CPU
		{453660D4-21CC-4461-9E16-A52885E6F06A}.Release|x64.Build.0 = Release|Any CPU
		{453660D4-21CC-4461-9E16-A52885E6F06A}.Release|x86.ActiveCfg = Release|Any CPU
		{453660D4-21CC-4461-9E16-A52885E6F06A}.Release|x86.Build.0 = Release|Any CPU
		{6D24A183-10E6-4FE3-BDBD-4F08A3F7B8EF}.Debug|Any CPU.ActiveCfg = Debug|Any CPU
		{6D24A183-10E6-4FE3-BDBD-4F08A3F7B8EF}.Debug|Any CPU.Build.0 = Debug|Any CPU
		{6D24A183-10E6-4FE3-BDBD-4F08A3F7B8EF}.Debug|x64.ActiveCfg = Debug|Any CPU
		{6D24A183-10E6-4FE3-BDBD-4F08A3F7B8EF}.Debug|x64.Build.0 = Debug|Any CPU
		{6D24A183-10E6-4FE3-BDBD-4F08A3F7B8EF}.Debug|x86.ActiveCfg = Debug|Any CPU
		{6D24A183-10E6-4FE3-BDBD-4F08A3F7B8EF}.Debug|x86.Build.0 = Debug|Any CPU
		{6D24A183-10E6-4FE3-BDBD-4F08A3F7B8EF}.Release|Any CPU.ActiveCfg = Release|Any CPU
		{6D24A183-10E6-4FE3-BDBD-4F08A3F7B8EF}.Release|Any CPU.Build.0 = Release|Any CPU
		{6D24A183-10E6-4FE3-BDBD-4F08A3F7B8EF}.Release|x64.ActiveCfg = Release|Any CPU
		{6D24A183-10E6-4FE3-BDBD-4F08A3F7B8EF}.Release|x64.Build.0 = Release|Any CPU
		{6D24A183-10E6-4FE3-BDBD-4F08A3F7B8EF}.Release|x86.ActiveCfg = Release|Any CPU
		{6D24A183-10E6-4FE3-BDBD-4F08A3F7B8EF}.Release|x86.Build.0 = Release|Any CPU
		{271E3DE3-1041-4904-A044-894F930CC8BE}.Debug|Any CPU.ActiveCfg = Debug|Any CPU
		{271E3DE3-1041-4904-A044-894F930CC8BE}.Debug|Any CPU.Build.0 = Debug|Any CPU
		{271E3DE3-1041-4904-A044-894F930CC8BE}.Debug|x64.ActiveCfg = Debug|Any CPU
		{271E3DE3-1041-4904-A044-894F930CC8BE}.Debug|x64.Build.0 = Debug|Any CPU
		{271E3DE3-1041-4904-A044-894F930CC8BE}.Debug|x86.ActiveCfg = Debug|Any CPU
		{271E3DE3-1041-4904-A044-894F930CC8BE}.Debug|x86.Build.0 = Debug|Any CPU
		{271E3DE3-1041-4904-A044-894F930CC8BE}.Release|Any CPU.ActiveCfg = Release|Any CPU
		{271E3DE3-1041-4904-A044-894F930CC8BE}.Release|Any CPU.Build.0 = Release|Any CPU
		{271E3DE3-1041-4904-A044-894F930CC8BE}.Release|x64.ActiveCfg = Release|Any CPU
		{271E3DE3-1041-4904-A044-894F930CC8BE}.Release|x64.Build.0 = Release|Any CPU
		{271E3DE3-1041-4904-A044-894F930CC8BE}.Release|x86.ActiveCfg = Release|Any CPU
		{271E3DE3-1041-4904-A044-894F930CC8BE}.Release|x86.Build.0 = Release|Any CPU
		{3993B01F-E443-4B4A-8F9D-83A1CC9BEC64}.Debug|Any CPU.ActiveCfg = Debug|Any CPU
		{3993B01F-E443-4B4A-8F9D-83A1CC9BEC64}.Debug|Any CPU.Build.0 = Debug|Any CPU
		{3993B01F-E443-4B4A-8F9D-83A1CC9BEC64}.Debug|x64.ActiveCfg = Debug|Any CPU
		{3993B01F-E443-4B4A-8F9D-83A1CC9BEC64}.Debug|x64.Build.0 = Debug|Any CPU
		{3993B01F-E443-4B4A-8F9D-83A1CC9BEC64}.Debug|x86.ActiveCfg = Debug|Any CPU
		{3993B01F-E443-4B4A-8F9D-83A1CC9BEC64}.Debug|x86.Build.0 = Debug|Any CPU
		{3993B01F-E443-4B4A-8F9D-83A1CC9BEC64}.Release|Any CPU.ActiveCfg = Release|Any CPU
		{3993B01F-E443-4B4A-8F9D-83A1CC9BEC64}.Release|Any CPU.Build.0 = Release|Any CPU
		{3993B01F-E443-4B4A-8F9D-83A1CC9BEC64}.Release|x64.ActiveCfg = Release|Any CPU
		{3993B01F-E443-4B4A-8F9D-83A1CC9BEC64}.Release|x64.Build.0 = Release|Any CPU
		{3993B01F-E443-4B4A-8F9D-83A1CC9BEC64}.Release|x86.ActiveCfg = Release|Any CPU
		{3993B01F-E443-4B4A-8F9D-83A1CC9BEC64}.Release|x86.Build.0 = Release|Any CPU
		{3F8AD4A6-65BE-46E1-AE01-E2CE89C1F81C}.Debug|Any CPU.ActiveCfg = Debug|Any CPU
		{3F8AD4A6-65BE-46E1-AE01-E2CE89C1F81C}.Debug|Any CPU.Build.0 = Debug|Any CPU
		{3F8AD4A6-65BE-46E1-AE01-E2CE89C1F81C}.Debug|x64.ActiveCfg = Debug|Any CPU
		{3F8AD4A6-65BE-46E1-AE01-E2CE89C1F81C}.Debug|x64.Build.0 = Debug|Any CPU
		{3F8AD4A6-65BE-46E1-AE01-E2CE89C1F81C}.Debug|x86.ActiveCfg = Debug|Any CPU
		{3F8AD4A6-65BE-46E1-AE01-E2CE89C1F81C}.Debug|x86.Build.0 = Debug|Any CPU
		{3F8AD4A6-65BE-46E1-AE01-E2CE89C1F81C}.Release|Any CPU.ActiveCfg = Release|Any CPU
		{3F8AD4A6-65BE-46E1-AE01-E2CE89C1F81C}.Release|Any CPU.Build.0 = Release|Any CPU
		{3F8AD4A6-65BE-46E1-AE01-E2CE89C1F81C}.Release|x64.ActiveCfg = Release|Any CPU
		{3F8AD4A6-65BE-46E1-AE01-E2CE89C1F81C}.Release|x64.Build.0 = Release|Any CPU
		{3F8AD4A6-65BE-46E1-AE01-E2CE89C1F81C}.Release|x86.ActiveCfg = Release|Any CPU
		{3F8AD4A6-65BE-46E1-AE01-E2CE89C1F81C}.Release|x86.Build.0 = Release|Any CPU
		{492A2A92-7FB2-4457-9330-3228B1DF8FF5}.Debug|Any CPU.ActiveCfg = Debug|Any CPU
		{492A2A92-7FB2-4457-9330-3228B1DF8FF5}.Debug|Any CPU.Build.0 = Debug|Any CPU
		{492A2A92-7FB2-4457-9330-3228B1DF8FF5}.Debug|x64.ActiveCfg = Debug|Any CPU
		{492A2A92-7FB2-4457-9330-3228B1DF8FF5}.Debug|x64.Build.0 = Debug|Any CPU
		{492A2A92-7FB2-4457-9330-3228B1DF8FF5}.Debug|x86.ActiveCfg = Debug|Any CPU
		{492A2A92-7FB2-4457-9330-3228B1DF8FF5}.Debug|x86.Build.0 = Debug|Any CPU
		{492A2A92-7FB2-4457-9330-3228B1DF8FF5}.Release|Any CPU.ActiveCfg = Release|Any CPU
		{492A2A92-7FB2-4457-9330-3228B1DF8FF5}.Release|Any CPU.Build.0 = Release|Any CPU
		{492A2A92-7FB2-4457-9330-3228B1DF8FF5}.Release|x64.ActiveCfg = Release|Any CPU
		{492A2A92-7FB2-4457-9330-3228B1DF8FF5}.Release|x64.Build.0 = Release|Any CPU
		{492A2A92-7FB2-4457-9330-3228B1DF8FF5}.Release|x86.ActiveCfg = Release|Any CPU
		{492A2A92-7FB2-4457-9330-3228B1DF8FF5}.Release|x86.Build.0 = Release|Any CPU
		{0E139BBE-4D93-4E01-815D-00E515A486FC}.Debug|Any CPU.ActiveCfg = Debug|Any CPU
		{0E139BBE-4D93-4E01-815D-00E515A486FC}.Debug|Any CPU.Build.0 = Debug|Any CPU
		{0E139BBE-4D93-4E01-815D-00E515A486FC}.Debug|x64.ActiveCfg = Debug|Any CPU
		{0E139BBE-4D93-4E01-815D-00E515A486FC}.Debug|x64.Build.0 = Debug|Any CPU
		{0E139BBE-4D93-4E01-815D-00E515A486FC}.Debug|x86.ActiveCfg = Debug|Any CPU
		{0E139BBE-4D93-4E01-815D-00E515A486FC}.Debug|x86.Build.0 = Debug|Any CPU
		{0E139BBE-4D93-4E01-815D-00E515A486FC}.Release|Any CPU.ActiveCfg = Release|Any CPU
		{0E139BBE-4D93-4E01-815D-00E515A486FC}.Release|Any CPU.Build.0 = Release|Any CPU
		{0E139BBE-4D93-4E01-815D-00E515A486FC}.Release|x64.ActiveCfg = Release|Any CPU
		{0E139BBE-4D93-4E01-815D-00E515A486FC}.Release|x64.Build.0 = Release|Any CPU
		{0E139BBE-4D93-4E01-815D-00E515A486FC}.Release|x86.ActiveCfg = Release|Any CPU
		{0E139BBE-4D93-4E01-815D-00E515A486FC}.Release|x86.Build.0 = Release|Any CPU
		{2358C5F7-D81D-424C-AB4D-65CF53A7005E}.Debug|Any CPU.ActiveCfg = Debug|Any CPU
		{2358C5F7-D81D-424C-AB4D-65CF53A7005E}.Debug|Any CPU.Build.0 = Debug|Any CPU
		{2358C5F7-D81D-424C-AB4D-65CF53A7005E}.Debug|x64.ActiveCfg = Debug|Any CPU
		{2358C5F7-D81D-424C-AB4D-65CF53A7005E}.Debug|x64.Build.0 = Debug|Any CPU
		{2358C5F7-D81D-424C-AB4D-65CF53A7005E}.Debug|x86.ActiveCfg = Debug|Any CPU
		{2358C5F7-D81D-424C-AB4D-65CF53A7005E}.Debug|x86.Build.0 = Debug|Any CPU
		{2358C5F7-D81D-424C-AB4D-65CF53A7005E}.Release|Any CPU.ActiveCfg = Release|Any CPU
		{2358C5F7-D81D-424C-AB4D-65CF53A7005E}.Release|Any CPU.Build.0 = Release|Any CPU
		{2358C5F7-D81D-424C-AB4D-65CF53A7005E}.Release|x64.ActiveCfg = Release|Any CPU
		{2358C5F7-D81D-424C-AB4D-65CF53A7005E}.Release|x64.Build.0 = Release|Any CPU
		{2358C5F7-D81D-424C-AB4D-65CF53A7005E}.Release|x86.ActiveCfg = Release|Any CPU
		{2358C5F7-D81D-424C-AB4D-65CF53A7005E}.Release|x86.Build.0 = Release|Any CPU
		{42190BF0-47B4-4001-AA8B-01D489D58EE4}.Debug|Any CPU.ActiveCfg = Debug|Any CPU
		{42190BF0-47B4-4001-AA8B-01D489D58EE4}.Debug|Any CPU.Build.0 = Debug|Any CPU
		{42190BF0-47B4-4001-AA8B-01D489D58EE4}.Debug|x64.ActiveCfg = Debug|Any CPU
		{42190BF0-47B4-4001-AA8B-01D489D58EE4}.Debug|x64.Build.0 = Debug|Any CPU
		{42190BF0-47B4-4001-AA8B-01D489D58EE4}.Debug|x86.ActiveCfg = Debug|Any CPU
		{42190BF0-47B4-4001-AA8B-01D489D58EE4}.Debug|x86.Build.0 = Debug|Any CPU
		{42190BF0-47B4-4001-AA8B-01D489D58EE4}.Release|Any CPU.ActiveCfg = Release|Any CPU
		{42190BF0-47B4-4001-AA8B-01D489D58EE4}.Release|Any CPU.Build.0 = Release|Any CPU
		{42190BF0-47B4-4001-AA8B-01D489D58EE4}.Release|x64.ActiveCfg = Release|Any CPU
		{42190BF0-47B4-4001-AA8B-01D489D58EE4}.Release|x64.Build.0 = Release|Any CPU
		{42190BF0-47B4-4001-AA8B-01D489D58EE4}.Release|x86.ActiveCfg = Release|Any CPU
		{42190BF0-47B4-4001-AA8B-01D489D58EE4}.Release|x86.Build.0 = Release|Any CPU
		{7B0ABC91-AC21-4A02-8326-E05F553AEB45}.Debug|Any CPU.ActiveCfg = Debug|Any CPU
		{7B0ABC91-AC21-4A02-8326-E05F553AEB45}.Debug|Any CPU.Build.0 = Debug|Any CPU
		{7B0ABC91-AC21-4A02-8326-E05F553AEB45}.Debug|x64.ActiveCfg = Debug|Any CPU
		{7B0ABC91-AC21-4A02-8326-E05F553AEB45}.Debug|x64.Build.0 = Debug|Any CPU
		{7B0ABC91-AC21-4A02-8326-E05F553AEB45}.Debug|x86.ActiveCfg = Debug|Any CPU
		{7B0ABC91-AC21-4A02-8326-E05F553AEB45}.Debug|x86.Build.0 = Debug|Any CPU
		{7B0ABC91-AC21-4A02-8326-E05F553AEB45}.Release|Any CPU.ActiveCfg = Release|Any CPU
		{7B0ABC91-AC21-4A02-8326-E05F553AEB45}.Release|Any CPU.Build.0 = Release|Any CPU
		{7B0ABC91-AC21-4A02-8326-E05F553AEB45}.Release|x64.ActiveCfg = Release|Any CPU
		{7B0ABC91-AC21-4A02-8326-E05F553AEB45}.Release|x64.Build.0 = Release|Any CPU
		{7B0ABC91-AC21-4A02-8326-E05F553AEB45}.Release|x86.ActiveCfg = Release|Any CPU
		{7B0ABC91-AC21-4A02-8326-E05F553AEB45}.Release|x86.Build.0 = Release|Any CPU
		{A1B54748-5C8C-4D9A-ABD9-4BEAC22144AD}.Debug|Any CPU.ActiveCfg = Debug|Any CPU
		{A1B54748-5C8C-4D9A-ABD9-4BEAC22144AD}.Debug|Any CPU.Build.0 = Debug|Any CPU
		{A1B54748-5C8C-4D9A-ABD9-4BEAC22144AD}.Debug|x64.ActiveCfg = Debug|Any CPU
		{A1B54748-5C8C-4D9A-ABD9-4BEAC22144AD}.Debug|x64.Build.0 = Debug|Any CPU
		{A1B54748-5C8C-4D9A-ABD9-4BEAC22144AD}.Debug|x86.ActiveCfg = Debug|Any CPU
		{A1B54748-5C8C-4D9A-ABD9-4BEAC22144AD}.Debug|x86.Build.0 = Debug|Any CPU
		{A1B54748-5C8C-4D9A-ABD9-4BEAC22144AD}.Release|Any CPU.ActiveCfg = Release|Any CPU
		{A1B54748-5C8C-4D9A-ABD9-4BEAC22144AD}.Release|Any CPU.Build.0 = Release|Any CPU
		{A1B54748-5C8C-4D9A-ABD9-4BEAC22144AD}.Release|x64.ActiveCfg = Release|Any CPU
		{A1B54748-5C8C-4D9A-ABD9-4BEAC22144AD}.Release|x64.Build.0 = Release|Any CPU
		{A1B54748-5C8C-4D9A-ABD9-4BEAC22144AD}.Release|x86.ActiveCfg = Release|Any CPU
		{A1B54748-5C8C-4D9A-ABD9-4BEAC22144AD}.Release|x86.Build.0 = Release|Any CPU
		{5BCED3B7-28B9-423F-8AB0-0721B71D1BB7}.Debug|Any CPU.ActiveCfg = Debug|Any CPU
		{5BCED3B7-28B9-423F-8AB0-0721B71D1BB7}.Debug|Any CPU.Build.0 = Debug|Any CPU
		{5BCED3B7-28B9-423F-8AB0-0721B71D1BB7}.Debug|x64.ActiveCfg = Debug|Any CPU
		{5BCED3B7-28B9-423F-8AB0-0721B71D1BB7}.Debug|x64.Build.0 = Debug|Any CPU
		{5BCED3B7-28B9-423F-8AB0-0721B71D1BB7}.Debug|x86.ActiveCfg = Debug|Any CPU
		{5BCED3B7-28B9-423F-8AB0-0721B71D1BB7}.Debug|x86.Build.0 = Debug|Any CPU
		{5BCED3B7-28B9-423F-8AB0-0721B71D1BB7}.Release|Any CPU.ActiveCfg = Release|Any CPU
		{5BCED3B7-28B9-423F-8AB0-0721B71D1BB7}.Release|Any CPU.Build.0 = Release|Any CPU
		{5BCED3B7-28B9-423F-8AB0-0721B71D1BB7}.Release|x64.ActiveCfg = Release|Any CPU
		{5BCED3B7-28B9-423F-8AB0-0721B71D1BB7}.Release|x64.Build.0 = Release|Any CPU
		{5BCED3B7-28B9-423F-8AB0-0721B71D1BB7}.Release|x86.ActiveCfg = Release|Any CPU
		{5BCED3B7-28B9-423F-8AB0-0721B71D1BB7}.Release|x86.Build.0 = Release|Any CPU
		{FA099A44-1EA6-4E53-8A48-0999D2F9FFB2}.Debug|Any CPU.ActiveCfg = Debug|Any CPU
		{FA099A44-1EA6-4E53-8A48-0999D2F9FFB2}.Debug|Any CPU.Build.0 = Debug|Any CPU
		{FA099A44-1EA6-4E53-8A48-0999D2F9FFB2}.Debug|x64.ActiveCfg = Debug|Any CPU
		{FA099A44-1EA6-4E53-8A48-0999D2F9FFB2}.Debug|x64.Build.0 = Debug|Any CPU
		{FA099A44-1EA6-4E53-8A48-0999D2F9FFB2}.Debug|x86.ActiveCfg = Debug|Any CPU
		{FA099A44-1EA6-4E53-8A48-0999D2F9FFB2}.Debug|x86.Build.0 = Debug|Any CPU
		{FA099A44-1EA6-4E53-8A48-0999D2F9FFB2}.Release|Any CPU.ActiveCfg = Release|Any CPU
		{FA099A44-1EA6-4E53-8A48-0999D2F9FFB2}.Release|Any CPU.Build.0 = Release|Any CPU
		{FA099A44-1EA6-4E53-8A48-0999D2F9FFB2}.Release|x64.ActiveCfg = Release|Any CPU
		{FA099A44-1EA6-4E53-8A48-0999D2F9FFB2}.Release|x64.Build.0 = Release|Any CPU
		{FA099A44-1EA6-4E53-8A48-0999D2F9FFB2}.Release|x86.ActiveCfg = Release|Any CPU
		{FA099A44-1EA6-4E53-8A48-0999D2F9FFB2}.Release|x86.Build.0 = Release|Any CPU
	EndGlobalSection
	GlobalSection(SolutionProperties) = preSolution
		HideSolutionNode = FALSE
	EndGlobalSection
	GlobalSection(NestedProjects) = preSolution
		{984BB9B3-3FA3-BE33-9484-CAC21695A33C} = {827E0CD3-B72D-47B6-A68D-7590B98EB39B}
		{47931FAB-DBE1-FD8F-0AFF-2CD4B99C52C4} = {984BB9B3-3FA3-BE33-9484-CAC21695A33C}
		{D0604F35-AE03-4580-9932-8ED555A65745} = {47931FAB-DBE1-FD8F-0AFF-2CD4B99C52C4}
		{3B26B86D-E766-4B60-AA17-E495B07E15D6} = {47931FAB-DBE1-FD8F-0AFF-2CD4B99C52C4}
		{6084EBCF-E6B7-4A9A-9D48-7724757B1184} = {47931FAB-DBE1-FD8F-0AFF-2CD4B99C52C4}
		{C745250B-6D8E-8FFC-4A72-6AD6A202EA7C} = {984BB9B3-3FA3-BE33-9484-CAC21695A33C}
		{34CB91BF-F4BF-4F0F-8463-C7764BF52CF7} = {C745250B-6D8E-8FFC-4A72-6AD6A202EA7C}
		{D78DCE8E-AF86-479B-820E-84AE8E966812} = {C745250B-6D8E-8FFC-4A72-6AD6A202EA7C}
		{496C9B65-13CC-4E2A-9D31-B703E02FDDB4} = {C745250B-6D8E-8FFC-4A72-6AD6A202EA7C}
		{7B912DB9-331B-0944-5302-1EBCC0404D36} = {984BB9B3-3FA3-BE33-9484-CAC21695A33C}
		{966C7FC7-19A4-45C8-A1A4-A7844E4DAA3A} = {7B912DB9-331B-0944-5302-1EBCC0404D36}
		{C1D72088-858D-438F-A7D0-AE071BE04A54} = {7B912DB9-331B-0944-5302-1EBCC0404D36}
		{3667ECA8-9DBA-4D31-8172-A94EC682E625} = {7B912DB9-331B-0944-5302-1EBCC0404D36}
		{4FD79C85-B390-988C-6EB0-CF61DD94049A} = {984BB9B3-3FA3-BE33-9484-CAC21695A33C}
		{4994F1AC-E86A-48E7-B471-8595AD171121} = {4FD79C85-B390-988C-6EB0-CF61DD94049A}
		{32E17AB5-C77F-46A3-93E1-B1BF8203F872} = {4FD79C85-B390-988C-6EB0-CF61DD94049A}
		{453660D4-21CC-4461-9E16-A52885E6F06A} = {4FD79C85-B390-988C-6EB0-CF61DD94049A}
		{7CCDAF3D-828D-37A7-E1F8-C7CA0A1DC278} = {984BB9B3-3FA3-BE33-9484-CAC21695A33C}
		{6D24A183-10E6-4FE3-BDBD-4F08A3F7B8EF} = {7CCDAF3D-828D-37A7-E1F8-C7CA0A1DC278}
		{271E3DE3-1041-4904-A044-894F930CC8BE} = {7CCDAF3D-828D-37A7-E1F8-C7CA0A1DC278}
		{3993B01F-E443-4B4A-8F9D-83A1CC9BEC64} = {7CCDAF3D-828D-37A7-E1F8-C7CA0A1DC278}
		{03997797-E7F5-0643-168D-B8EA7178C2FE} = {827E0CD3-B72D-47B6-A68D-7590B98EB39B}
		{3F8AD4A6-65BE-46E1-AE01-E2CE89C1F81C} = {03997797-E7F5-0643-168D-B8EA7178C2FE}
		{492A2A92-7FB2-4457-9330-3228B1DF8FF5} = {03997797-E7F5-0643-168D-B8EA7178C2FE}
		{FCA01246-F2C6-0AA7-D43F-FD13BE0B9D88} = {827E0CD3-B72D-47B6-A68D-7590B98EB39B}
		{0E139BBE-4D93-4E01-815D-00E515A486FC} = {FCA01246-F2C6-0AA7-D43F-FD13BE0B9D88}
		{C8E42992-5E42-0C2B-DBFE-AA848D06431C} = {827E0CD3-B72D-47B6-A68D-7590B98EB39B}
		{877A87EC-2096-CB6F-E033-8B9D52ACA648} = {C8E42992-5E42-0C2B-DBFE-AA848D06431C}
		{2358C5F7-D81D-424C-AB4D-65CF53A7005E} = {877A87EC-2096-CB6F-E033-8B9D52ACA648}
		{63663C15-CC0E-511E-0DDF-83B4140E465C} = {C8E42992-5E42-0C2B-DBFE-AA848D06431C}
		{42190BF0-47B4-4001-AA8B-01D489D58EE4} = {63663C15-CC0E-511E-0DDF-83B4140E465C}
		{A52FF9A7-1006-A729-7F26-021652E10080} = {984BB9B3-3FA3-BE33-9484-CAC21695A33C}
		{7B0ABC91-AC21-4A02-8326-E05F553AEB45} = {A52FF9A7-1006-A729-7F26-021652E10080}
		{A1B54748-5C8C-4D9A-ABD9-4BEAC22144AD} = {A52FF9A7-1006-A729-7F26-021652E10080}
		{5BCED3B7-28B9-423F-8AB0-0721B71D1BB7} = {A52FF9A7-1006-A729-7F26-021652E10080}
		{D4328BF3-DF96-F716-F87E-F6DD9344A066} = {C8E42992-5E42-0C2B-DBFE-AA848D06431C}
		{FA099A44-1EA6-4E53-8A48-0999D2F9FFB2} = {D4328BF3-DF96-F716-F87E-F6DD9344A066}
	EndGlobalSection
EndGlobal
